
Microsoft Visual Studio Solution File, Format Version 12.00
# Visual Studio Version 16
VisualStudioVersion = 16.0.29411.108
MinimumVisualStudioVersion = 10.0.40219.1
Project("{FAE04EC0-301F-11D3-BF4B-00C04F79EFBC}") = "WebSite", "WebSite\WebSite.csproj", "{586E359E-8BF5-426F-B2B9-B7F496BC49F6}"
EndProject
Project("{FAE04EC0-301F-11D3-BF4B-00C04F79EFBC}") = "WebChatHub", "WebChatHub\WebChatHub.csproj", "{3A8675EE-968E-4A19-A5AD-C8DAEC4D68FE}"
EndProject
Project("{FAE04EC0-301F-11D3-BF4B-00C04F79EFBC}") = "WebSiteNetpost", "WebSiteNetpostMoi\WebSiteNetpost.csproj", "{7CE30C5F-B4F5-46E4-8398-872839494A74}"
EndProject
Global
	GlobalSection(SolutionConfigurationPlatforms) = preSolution
		Debug|Any CPU = Debug|Any CPU
		Release|Any CPU = Release|Any CPU
	EndGlobalSection
	GlobalSection(ProjectConfigurationPlatforms) = postSolution
		{586E359E-8BF5-426F-B2B9-B7F496BC49F6}.Debug|Any CPU.ActiveCfg = Debug|Any CPU
		{586E359E-8BF5-426F-B2B9-B7F496BC49F6}.Debug|Any CPU.Build.0 = Debug|Any CPU
		{586E359E-8BF5-426F-B2B9-B7F496BC49F6}.Release|Any CPU.ActiveCfg = Release|Any CPU
		{586E359E-8BF5-426F-B2B9-B7F496BC49F6}.Release|Any CPU.Build.0 = Release|Any CPU
		{3A8675EE-968E-4A19-A5AD-C8DAEC4D68FE}.Debug|Any CPU.ActiveCfg = Debug|Any CPU
		{3A8675EE-968E-4A19-A5AD-C8DAEC4D68FE}.Debug|Any CPU.Build.0 = Debug|Any CPU
		{3A8675EE-968E-4A19-A5AD-C8DAEC4D68FE}.Release|Any CPU.ActiveCfg = Release|Any CPU
		{3A8675EE-968E-4A19-A5AD-C8DAEC4D68FE}.Release|Any CPU.Build.0 = Release|Any CPU
		{7CE30C5F-B4F5-46E4-8398-872839494A74}.Debug|Any CPU.ActiveCfg = Debug|Any CPU
		{7CE30C5F-B4F5-46E4-8398-872839494A74}.Debug|Any CPU.Build.0 = Debug|Any CPU
		{7CE30C5F-B4F5-46E4-8398-872839494A74}.Release|Any CPU.ActiveCfg = Release|Any CPU
		{7CE30C5F-B4F5-46E4-8398-872839494A74}.Release|Any CPU.Build.0 = Release|Any CPU
	EndGlobalSection
	GlobalSection(SolutionProperties) = preSolution
		HideSolutionNode = FALSE
	EndGlobalSection
	GlobalSection(ExtensibilityGlobals) = postSolution
		SolutionGuid = {5183F642-444B-4A49-A02D-0BD9D2553A33}
	EndGlobalSection
EndGlobal
